[[package]]
category = "dev"
description = "Fast ASN.1 parser and serializer with definitions for private keys, public keys, certificates, CRL, OCSP, CMS, PKCS#3, PKCS#7, PKCS#8, PKCS#12, PKCS#5, X.509 and TSP"
name = "asn1crypto"
optional = false
python-versions = "*"
version = "0.24.0"

[[package]]
category = "dev"
description = "The AWS X-Ray SDK for Python (the SDK) enables Python developers to record and emit information from within their applications to the AWS X-Ray service."
name = "aws-xray-sdk"
optional = false
python-versions = "*"
version = "0.95"

[package.dependencies]
jsonpickle = "*"
requests = "*"
wrapt = "*"

[[package]]
category = "dev"
description = "Amazon Web Services Library"
name = "boto"
optional = false
python-versions = "*"
version = "2.49.0"

[[package]]
category = "main"
description = "The AWS SDK for Python"
name = "boto3"
optional = false
python-versions = "*"
version = "1.9.86"

[package.dependencies]
botocore = ">=1.12.86,<1.13.0"
jmespath = ">=0.7.1,<1.0.0"
s3transfer = ">=0.1.10,<0.2.0"

[[package]]
category = "main"
description = "Low-level, data-driven core of boto 3."
name = "botocore"
optional = false
python-versions = "*"
version = "1.12.86"

[package.dependencies]
docutils = ">=0.10"
jmespath = ">=0.7.1,<1.0.0"

[package.dependencies.python-dateutil]
python = ">=2.7"
version = ">=2.1,<3.0.0"

[package.dependencies.urllib3]
python = ">=3.4"
version = ">=1.20,<1.25"

[[package]]
category = "dev"
description = "Python package for providing Mozilla's CA Bundle."
name = "certifi"
optional = false
python-versions = "*"
version = "2018.11.29"

[[package]]
category = "dev"
description = "Foreign Function Interface for Python calling C code."
name = "cffi"
optional = false
python-versions = "*"
version = "1.11.5"

[package.dependencies]
pycparser = "*"

[[package]]
category = "dev"
description = "Universal encoding detector for Python 2 and 3"
name = "chardet"
optional = false
python-versions = "*"
version = "3.0.4"

[[package]]
category = "main"
description = "Composable command line interface toolkit"
name = "click"
optional = false
python-versions = ">=2.7, !=3.0.*, !=3.1.*, !=3.2.*, !=3.3.*"
version = "7.0"

[[package]]
category = "main"
description = "Cross-platform colored terminal text."
name = "colorama"
optional = false
python-versions = ">=2.7, !=3.0.*, !=3.1.*, !=3.2.*, !=3.3.*"
version = "0.4.1"

[[package]]
category = "dev"
description = "cryptography is a package which provides cryptographic recipes and primitives to Python developers."
name = "cryptography"
optional = false
python-versions = ">=2.7,!=3.0.*,!=3.1.*,!=3.2.*,!=3.3.*"
version = "2.5"

[package.dependencies]
asn1crypto = ">=0.21.0"
cffi = ">=1.8,<1.11.3 || >1.11.3"
six = ">=1.4.1"

[[package]]
category = "dev"
description = "A Python library for the Docker Engine API."
name = "docker"
optional = false
python-versions = ">=2.7, !=3.0.*, !=3.1.*, !=3.2.*"
version = "3.7.0"

[package.dependencies]
docker-pycreds = ">=0.4.0"
requests = ">=2.14.2,<2.18.0 || >2.18.0"
six = ">=1.4.0"
websocket-client = ">=0.32.0"

[package.dependencies.pypiwin32]
python = ">=3.6"
version = "223"

[[package]]
category = "dev"
description = "Python bindings for the docker credentials store API"
name = "docker-pycreds"
optional = false
python-versions = "*"
version = "0.4.0"

[package.dependencies]
six = ">=1.4.0"

[[package]]
category = "main"
description = "Docutils -- Python Documentation Utilities"
name = "docutils"
optional = false
python-versions = "*"
version = "0.14"

[[package]]
category = "dev"
description = "ECDSA cryptographic signature library (pure python)"
name = "ecdsa"
optional = false
python-versions = "*"
version = "0.13"

[[package]]
category = "dev"
description = "Clean single-source support for Python 3 and 2"
name = "future"
optional = false
python-versions = ">=2.6, !=3.0.*, !=3.1.*, !=3.2.*"
version = "0.17.1"

[[package]]
category = "dev"
description = "Internationalized Domain Names in Applications (IDNA)"
name = "idna"
optional = false
python-versions = ">=2.7, !=3.0.*, !=3.1.*, !=3.2.*, !=3.3.*"
version = "2.8"

[[package]]
category = "main"
description = "A small but fast and easy to use stand-alone template engine written in pure python."
name = "jinja2"
optional = false
python-versions = "*"
version = "2.10"

[package.dependencies]
MarkupSafe = ">=0.23"

[[package]]
category = "main"
description = "JSON Matching Expressions"
name = "jmespath"
optional = false
python-versions = "*"
version = "0.9.3"

[[package]]
category = "dev"
description = "Diff JSON and JSON-like structures in Python"
name = "jsondiff"
optional = false
python-versions = "*"
version = "1.1.1"

[[package]]
category = "dev"
description = "Python library for serializing any arbitrary object graph into JSON"
name = "jsonpickle"
optional = false
python-versions = "*"
version = "1.1"

[[package]]
category = "main"
description = "Safely add untrusted strings to HTML/XML markup."
name = "markupsafe"
optional = false
python-versions = ">=2.7,!=3.0.*,!=3.1.*,!=3.2.*,!=3.3.*"
version = "1.1.0"

[[package]]
category = "dev"
description = "Rolling backport of unittest.mock for all Pythons"
name = "mock"
optional = false
python-versions = "*"
version = "2.0.0"

[package.dependencies]
pbr = ">=0.11"
six = ">=1.9"

[[package]]
category = "dev"
description = "A library that allows your python tests to easily mock out the boto library"
name = "moto"
optional = false
python-versions = "*"
version = "1.3.7"

[package.dependencies]
Jinja2 = ">=2.7.3"
aws-xray-sdk = ">=0.93,<0.96"
boto = ">=2.36.0"
boto3 = ">=1.6.16"
botocore = ">=1.12.13"
cryptography = ">=2.3.0"
docker = ">=2.5.1"
jsondiff = "1.1.1"
mock = "*"
pyaml = "*"
python-dateutil = ">=2.1,<3.0.0"
python-jose = "<3.0.0"
pytz = "*"
requests = ">=2.5"
responses = ">=0.9.0"
six = ">1.9"
werkzeug = "*"
xmltodict = "*"

[[package]]
category = "dev"
description = "Python Build Reasonableness"
name = "pbr"
optional = false
python-versions = "*"
version = "5.1.2"

[[package]]
category = "dev"
description = "PyYAML-based module to produce pretty and readable YAML-serialized data"
name = "pyaml"
optional = false
python-versions = "*"
version = "18.11.0"

[package.dependencies]
PyYAML = "*"

[[package]]
category = "dev"
description = "C parser in Python"
name = "pycparser"
optional = false
python-versions = "*"
version = "2.19"

[[package]]
category = "dev"
description = "Cryptographic library for Python"
name = "pycryptodome"
optional = false
python-versions = ">=2.6, !=3.0.*, !=3.1.*, !=3.2.*, !=3.3.*"
version = "3.7.3"

[[package]]
category = "dev"
description = ""
marker = "sys_platform == \"win32\" and python_version >= \"3.6\""
name = "pypiwin32"
optional = false
python-versions = "*"
version = "223"

[package.dependencies]
pywin32 = ">=223"

[[package]]
category = "main"
description = "Extensions to the standard Python datetime module"
name = "python-dateutil"
optional = false
python-versions = ">=2.7, !=3.0.*, !=3.1.*, !=3.2.*"
version = "2.7.5"

[package.dependencies]
six = ">=1.5"

[[package]]
category = "dev"
description = "JOSE implementation in Python"
name = "python-jose"
optional = false
python-versions = "*"
version = "2.0.2"

[package.dependencies]
ecdsa = "<1.0"
future = "<1.0"
pycryptodome = ">=3.3.1,<4.0.0"
six = "<2.0"

[[package]]
category = "dev"
description = "World timezone definitions, modern and historical"
name = "pytz"
optional = false
python-versions = "*"
version = "2018.9"

[[package]]
category = "dev"
description = "Python for Window Extensions"
marker = "sys_platform == \"win32\" and python_version >= \"3.6\""
name = "pywin32"
optional = false
python-versions = "*"
version = "224"

[[package]]
category = "main"
description = "YAML parser and emitter for Python"
name = "pyyaml"
optional = false
python-versions = "*"
version = "3.13"

[[package]]
category = "dev"
description = "Python HTTP for Humans."
name = "requests"
optional = false
python-versions = ">=2.7, !=3.0.*, !=3.1.*, !=3.2.*, !=3.3.*"
version = "2.21.0"

[package.dependencies]
certifi = ">=2017.4.17"
chardet = ">=3.0.2,<3.1.0"
idna = ">=2.5,<2.9"
urllib3 = ">=1.21.1,<1.25"

[[package]]
category = "dev"
description = "A utility library for mocking out the `requests` Python library."
name = "responses"
optional = false
python-versions = ">=2.7, !=3.0.*, !=3.1.*, !=3.2.*, !=3.3.*"
version = "0.10.5"

[package.dependencies]
requests = ">=2.0"
six = "*"

[[package]]
category = "main"
description = "An Amazon S3 Transfer Manager"
name = "s3transfer"
optional = false
python-versions = "*"
version = "0.1.13"

[package.dependencies]
botocore = ">=1.3.0,<2.0.0"

[[package]]
category = "main"
description = "Python 2 and 3 compatibility utilities"
name = "six"
optional = false
python-versions = ">=2.6, !=3.0.*, !=3.1.*"
version = "1.12.0"

[[package]]
category = "main"
description = "HTTP library with thread-safe connection pooling, file post, and more."
name = "urllib3"
optional = false
python-versions = ">=2.7, !=3.0.*, !=3.1.*, !=3.2.*, !=3.3.*, <4"
version = "1.24.1"

[[package]]
category = "dev"
description = "WebSocket client for Python. hybi13 is supported."
name = "websocket-client"
optional = false
python-versions = ">=2.6, !=3.0.*, !=3.1.*, !=3.2.*, !=3.3.*"
version = "0.54.0"

[package.dependencies]
six = "*"

[[package]]
category = "dev"
description = "The comprehensive WSGI web application library."
name = "werkzeug"
optional = false
python-versions = "*"
version = "0.14.1"

[[package]]
category = "dev"
description = "Module for decorators, wrappers and monkey patching."
name = "wrapt"
optional = false
python-versions = "*"
version = "1.11.1"

[[package]]
category = "dev"
description = "Makes working with XML feel like you are working with JSON"
name = "xmltodict"
optional = false
python-versions = "*"
version = "0.11.0"

[metadata]
content-hash = "213fdc6474ec8f2d07cd2dfca4b274494b56bda11875b69c6dc92ba083dcabfa"
python-versions = "^3.7"

[metadata.hashes]
asn1crypto = ["2f1adbb7546ed199e3c90ef23ec95c5cf3585bac7d11fb7eb562a3fe89c64e87", "9d5c20441baf0cb60a4ac34cc447c6c189024b6b4c6cd7877034f4965c464e49"]
aws-xray-sdk = ["72791618feb22eaff2e628462b0d58f398ce8c1bacfa989b7679817ab1fad60c", "9e7ba8dd08fd2939376c21423376206bff01d0deaea7d7721c6b35921fed1943"]
boto = ["147758d41ae7240dc989f0039f27da8ca0d53734be0eb869ef16e3adcfa462e8", "ea0d3b40a2d852767be77ca343b58a9e3a4b00d9db440efb8da74b4e58025e5a"]
boto3 = ["63cd957ba663f5c10ff48ed904575eaa701314f79f18dbc59bd050311cd5f809", "d1338582bc58741f54bd6b43488de6097a82ea45cebed0a3fd936981eadbb3a5"]
botocore = ["24444e7580f0114c3e9fff5d2032c6f0cfbf88691b1be3ba27c6922507a902ec", "5b01a16f02c3da55068b3aacfa1c37dd8e17141551e1702424b38dd21fa1c792"]
certifi = ["47f9c83ef4c0c621eaef743f133f09fa8a74a9b75f037e8624f83bd1b6626cb7", "993f830721089fef441cdfeb4b2c8c9df86f0c63239f06bd025a76a7daddb033"]
cffi = ["151b7eefd035c56b2b2e1eb9963c90c6302dc15fbd8c1c0a83a163ff2c7d7743", "1553d1e99f035ace1c0544050622b7bc963374a00c467edafac50ad7bd276aef", "1b0493c091a1898f1136e3f4f991a784437fac3673780ff9de3bcf46c80b6b50", "2ba8a45822b7aee805ab49abfe7eec16b90587f7f26df20c71dd89e45a97076f", "3bb6bd7266598f318063e584378b8e27c67de998a43362e8fce664c54ee52d30", "3c85641778460581c42924384f5e68076d724ceac0f267d66c757f7535069c93", "3eb6434197633b7748cea30bf0ba9f66727cdce45117a712b29a443943733257", "495c5c2d43bf6cebe0178eb3e88f9c4aa48d8934aa6e3cddb865c058da76756b", "4c91af6e967c2015729d3e69c2e51d92f9898c330d6a851bf8f121236f3defd3", "57b2533356cb2d8fac1555815929f7f5f14d68ac77b085d2326b571310f34f6e", "770f3782b31f50b68627e22f91cb182c48c47c02eb405fd689472aa7b7aa16dc", "79f9b6f7c46ae1f8ded75f68cf8ad50e5729ed4d590c74840471fc2823457d04", "7a33145e04d44ce95bcd71e522b478d282ad0eafaf34fe1ec5bbd73e662f22b6", "857959354ae3a6fa3da6651b966d13b0a8bed6bbc87a0de7b38a549db1d2a359", "87f37fe5130574ff76c17cab61e7d2538a16f843bb7bca8ebbc4b12de3078596", "95d5251e4b5ca00061f9d9f3d6fe537247e145a8524ae9fd30a2f8fbce993b5b", "9d1d3e63a4afdc29bd76ce6aa9d58c771cd1599fbba8cf5057e7860b203710dd", "a36c5c154f9d42ec176e6e620cb0dd275744aa1d804786a71ac37dc3661a5e95", "a6a5cb8809091ec9ac03edde9304b3ad82ad4466333432b16d78ef40e0cce0d5", "ae5e35a2c189d397b91034642cb0eab0e346f776ec2eb44a49a459e6615d6e2e", "b0f7d4a3df8f06cf49f9f121bead236e328074de6449866515cea4907bbc63d6", "b75110fb114fa366b29a027d0c9be3709579602ae111ff61674d28c93606acca", "ba5e697569f84b13640c9e193170e89c13c6244c24400fc57e88724ef610cd31", "be2a9b390f77fd7676d80bc3cdc4f8edb940d8c198ed2d8c0be1319018c778e1", "ca1bd81f40adc59011f58159e4aa6445fc585a32bb8ac9badf7a2c1aa23822f2", "d5d8555d9bfc3f02385c1c37e9f998e2011f0db4f90e250e5bc0c0a85a813085", "e55e22ac0a30023426564b1059b035973ec82186ddddbac867078435801c7801", "e90f17980e6ab0f3c2f3730e56d1fe9bcba1891eeea58966e89d352492cc74f4", "ecbb7b01409e9b782df5ded849c178a0aa7c906cf8c5a67368047daab282b184", "ed01918d545a38998bfa5902c7c00e0fee90e957ce036a4000a88e3fe2264917", "edabd457cd23a02965166026fd9bfd196f4324fe6032e866d0f3bd0301cd486f", "fdf1c1dc5bafc32bc5d08b054f94d659422b05aba244d6be4ddc1c72d9aa70fb"]
chardet = ["84ab92ed1c4d4f16916e05906b6b75a6c0fb5db821cc65e70cbd64a3e2a5eaae", "fc323ffcaeaed0e0a02bf4d117757b98aed530d9ed4531e3e15460124c106691"]
click = ["2335065e6395b9e67ca716de5f7526736bfa6ceead690adf616d925bdc622b13", "5b94b49521f6456670fdb30cd82a4eca9412788a93fa6dd6df72c94d5a8ff2d7"]
colorama = ["05eed71e2e327246ad6b38c540c4a3117230b19679b875190486ddd2d721422d", "f8ac84de7840f5b9c4e3347b3c1eaa50f7e49c2b07596221daec5edaabbd7c48"]
cryptography = ["05b3ded5e88747d28ee3ef493f2b92cbb947c1e45cf98cfef22e6d38bb67d4af", "06826e7f72d1770e186e9c90e76b4f84d90cdb917b47ff88d8dc59a7b10e2b1e", "08b753df3672b7066e74376f42ce8fc4683e4fd1358d34c80f502e939ee944d2", "2cd29bd1911782baaee890544c653bb03ec7d95ebeb144d714b0f5c33deb55c7", "31e5637e9036d966824edaa91bf0aa39dc6f525a1c599f39fd5c50340264e079", "42fad67d7072216a49e34f923d8cbda9edacbf6633b19a79655e88a1b4857063", "4946b67235b9d2ea7d31307be9d5ad5959d6c4a8f98f900157b47abddf698401", "522fdb2809603ee97a4d0ef2f8d617bc791eb483313ba307cb9c0a773e5e5695", "6f841c7272645dd7c65b07b7108adfa8af0aaea57f27b7f59e01d41f75444c85", "7d335e35306af5b9bc0560ca39f740dfc8def72749645e193dd35be11fb323b3", "8504661ffe324837f5c4607347eeee4cf0fcad689163c6e9c8d3b18cf1f4a4ad", "9260b201ce584d7825d900c88700aa0bd6b40d4ebac7b213857bd2babee9dbca", "9a30384cc402eac099210ab9b8801b2ae21e591831253883decdb4513b77a3cd", "9e29af877c29338f0cab5f049ccc8bd3ead289a557f144376c4fbc7d1b98914f", "ab50da871bc109b2d9389259aac269dd1b7c7413ee02d06fe4e486ed26882159", "b13c80b877e73bcb6f012813c6f4a9334fcf4b0e96681c5a15dac578f2eedfa0", "bfe66b577a7118e05b04141f0f1ed0959552d45672aa7ecb3d91e319d846001e", "e091bd424567efa4b9d94287a952597c05d22155a13716bf5f9f746b9dc906d3", "fa2b38c8519c5a3aa6e2b4e1cf1a549b54acda6adb25397ff542068e73d1ed00"]
docker = ["2840ffb9dc3ef6d00876bde476690278ab13fa1f8ba9127ef855ac33d00c3152", "5831256da3477723362bc71a8df07b8cd8493e4a4a60cebd45580483edbe48ae"]
docker-pycreds = ["6ce3270bcaf404cc4c3e27e4b6c70d3521deae82fb508767870fdbf772d584d4", "7266112468627868005106ec19cd0d722702d2b7d5912a28e19b826c3d37af49"]
docutils = ["02aec4bd92ab067f6ff27a38a38a41173bf01bed8f89157768c1573f53e474a6", "51e64ef2ebfb29cae1faa133b3710143496eca21c530f3f71424d77687764274", "7a4bd47eaf6596e1295ecb11361139febe29b084a87bf005bf899f9a42edc3c6"]
ecdsa = ["40d002cf360d0e035cf2cb985e1308d41aaa087cbfc135b2dc2d844296ea546c", "64cf1ee26d1cde3c73c6d7d107f835fed7c6a2904aef9eac223d57ad800c43fa"]
future = ["67045236dcfd6816dc439556d009594abf643e5eb48992e36beac09c2ca659b8"]
idna = ["c357b3f628cf53ae2c4c05627ecc484553142ca23264e593d327bcde5e9c3407", "ea8b7f6188e6fa117537c3df7da9fc686d485087abf6ac197f9c46432f7e4a3c"]
jinja2 = ["74c935a1b8bb9a3947c50a54766a969d4846290e1e788ea44c1392163723c3bd", "f84be1bb0040caca4cea721fcbbbbd61f9be9464ca236387158b0feea01914a4"]
jmespath = ["6a81d4c9aa62caf061cb517b4d9ad1dd300374cd4706997aff9cd6aedd61fc64", "f11b4461f425740a1d908e9a3f7365c3d2e569f6ca68a2ff8bc5bcd9676edd63"]
jsondiff = ["2d0437782de9418efa34e694aa59f43d7adb1899bd9a793f063867ddba8f7893"]
jsonpickle = ["0231d6f7ebc4723169310141352d9c9b7bbbd6f3be110cf634575d2bf2af91f0", "625098cc8e5854b8c23b587aec33bc8e33e0e597636bfaca76152249c78fe5c1"]
markupsafe = ["048ef924c1623740e70204aa7143ec592504045ae4429b59c30054cb31e3c432", "130f844e7f5bdd8e9f3f42e7102ef1d49b2e6fdf0d7526df3f87281a532d8c8b", "19f637c2ac5ae9da8bfd98cef74d64b7e1bb8a63038a3505cd182c3fac5eb4d9", "1b8a7a87ad1b92bd887568ce54b23565f3fd7018c4180136e1cf412b405a47af", "1c25694ca680b6919de53a4bb3bdd0602beafc63ff001fea2f2fc16ec3a11834", "1f19ef5d3908110e1e891deefb5586aae1b49a7440db952454b4e281b41620cd", "1fa6058938190ebe8290e5cae6c351e14e7bb44505c4a7624555ce57fbbeba0d", "31cbb1359e8c25f9f48e156e59e2eaad51cd5242c05ed18a8de6dbe85184e4b7", "3e835d8841ae7863f64e40e19477f7eb398674da6a47f09871673742531e6f4b", "4e97332c9ce444b0c2c38dd22ddc61c743eb208d916e4265a2a3b575bdccb1d3", "525396ee324ee2da82919f2ee9c9e73b012f23e7640131dd1b53a90206a0f09c", "52b07fbc32032c21ad4ab060fec137b76eb804c4b9a1c7c7dc562549306afad2", "52ccb45e77a1085ec5461cde794e1aa037df79f473cbc69b974e73940655c8d7", "5c3fbebd7de20ce93103cb3183b47671f2885307df4a17a0ad56a1dd51273d36", "5e5851969aea17660e55f6a3be00037a25b96a9b44d2083651812c99d53b14d1", "5edfa27b2d3eefa2210fb2f5d539fbed81722b49f083b2c6566455eb7422fd7e", "7d263e5770efddf465a9e31b78362d84d015cc894ca2c131901a4445eaa61ee1", "83381342bfc22b3c8c06f2dd93a505413888694302de25add756254beee8449c", "857eebb2c1dc60e4219ec8e98dfa19553dae33608237e107db9c6078b1167856", "98e439297f78fca3a6169fd330fbe88d78b3bb72f967ad9961bcac0d7fdd1550", "bf54103892a83c64db58125b3f2a43df6d2cb2d28889f14c78519394feb41492", "d9ac82be533394d341b41d78aca7ed0e0f4ba5a2231602e2f05aa87f25c51672", "e982fe07ede9fada6ff6705af70514a52beb1b2c3d25d4e873e82114cf3c5401", "edce2ea7f3dfc981c4ddc97add8a61381d9642dc3273737e756517cc03e84dd6", "efdc45ef1afc238db84cb4963aa689c0408912a0239b0721cb172b4016eb31d6", "f137c02498f8b935892d5c0172560d7ab54bc45039de8805075e19079c639a9c", "f82e347a72f955b7017a39708a3667f106e6ad4d10b25f237396a7115d8ed5fd", "fb7c206e01ad85ce57feeaaa0bf784b97fa3cad0d4a5737bc5295785f5c613a1"]
mock = ["5ce3c71c5545b472da17b72268978914d0252980348636840bd34a00b5cc96c1", "b158b6df76edd239b8208d481dc46b6afd45a846b7812ff0ce58971cf5bc8bba"]
moto = ["129de2e04cb250d9f8b2c722ec152ed1b5426ef179b4ebb03e9ec36e6eb3fcc5", "4df37936ff8d6a4b8229aab347a7b412cd2ca4823ff47bd1362ddfbc6c5e4ecf"]
pbr = ["a7953f66e1f82e4b061f43096a4bcc058f7d3d41de9b94ac871770e8bdd831a2", "d717573351cfe09f49df61906cd272abaa759b3e91744396b804965ff7bff38b"]
pyaml = ["39470e99cfb7a0ef79e593fee626328283cd6d1a9c23c7e30f0d3a6933f3a235", "b96292cc409e0f222b6fecff96afd2e19cfab5d1f2606344907751d42301263a"]
pycparser = ["a988718abfad80b6b157acce7bf130a30876d27603738ac39f140993246b25b3"]
pycryptodome = ["06b779be9736710c109234f28ebef90ff6615c70c335e782d4f6d983c0c66b57", "0cfa2a1d9ec697b8924729e86443d2b8fd8dbad0ca4cd322e9507d8b77fb71a0", "0d6613ccd561eb6ef7029d59a47f58e63d840dcee0ed2eda19dafceaffe1e544", "0f37f03864dc05b70ce11c023dea78f6af4f19adb48651976d512ba4d7210942", "16f38a3d9735054cefaa0a5e272395aab585e7eb585cb1609cbea78e69a8da61", "1a222250e43f3c659b4ebd5df3e11c2f112aab6aef58e38af55ef5678b9f0636", "23df2d665c7f52ddf467d405de355b1ffbd08944442677bb072b33599748e09d", "624de350bc8f346da0f536b1dee6bd19b40c99fb783ba1ed09caceb783904fca", "733729141cf2e0706188f905fec9b27d40dd5a8e5ec232f95b82437e15c9ebf3", "737248b34df3231ba77fad50897a267cc0718a3ecd71b1eb9d92605a2d12d32e", "825af2416abf8be0441c2b632d4a0825ce96033cab36b0ea008a71afc7e6ca17", "8403b5adaabcaf7594331ce99a5eb834d0de5ce8f29d174db3f420b0fc450b77", "861442e3bc8680b47c7c9bfcd34fd9a3683cd179e3e4eaaba13c60af2ce3a8d6", "97e2fa022e2e92afbac4d9bc3c7263f7e6813b01b88398d7eb48dd000cfc81cb", "9f9b9dbabf286e35a6c4a3724fe48fe977acb0005aa6f08318960ac287108c1c", "a94ccb190cf8b1e0352d2b5f8984a44b3da0dfffdce21c4f3a6b8dc84d95e17a", "b9671b3ee8104deabee682f40540d65faf098bccb4d65bdd70eeccd87346856d", "be2403e4b65272516d7b3eeed73de0dbddf9802487c6faf2b202679def520c54", "c02ad68c49d959f724f26a4861deefc4aad25a5e970e40dedeeaf0627140605d", "ca78f78dde52ccd1b4654d8911d9b33015bf3cf54385a664f248a11af7896d44", "ce889584b07174047b554c17df9c48357134c48b517ef7008599e5677919e8d0", "d0d41c7338753e9e12bf685c7b5c0c8d2df070c6af8b7e7dc8fa0ccab20a4c05", "da05447b79754f703e53dae7b381d82234e062b5ca03cb96e64adc887d508dfd", "db53ea88fb38e3e054c2cb7d765b5dc4cea411b19be336e748b9b29f1b696ee5", "e7eb9ffaf5757f76c25761fc6fce2aaecbbaf145c0743bd146d86ba038899bf1", "ee5a6bba5a7517676a6afdf98ae4f65440132ed4a736c7c1fe762b464365a900", "f162644a8618c85cc29a3b998cea76c790220677461c9b6fffcb8fc7b0ae4335", "f6ab3c50b360160c38cb833f8855a42b9aa05ca30366a99bece8f161fa0c622b"]
pypiwin32 = ["67adf399debc1d5d14dffc1ab5acacb800da569754fafdc576b2a039485aa775", "71be40c1fbd28594214ecaecb58e7aa8b708eabfa0125c8a109ebd51edbd776a"]
python-dateutil = ["063df5763652e21de43de7d9e00ccf239f953a832941e37be541614732cdfc93", "88f9287c0174266bb0d8cedd395cfba9c58e87e5ad86b2ce58859bc11be3cf02"]
python-jose = ["391f860dbe274223d73dd87de25e4117bf09e8fe5f93a417663b1f2d7b591165", "3b35cdb0e55a88581ff6d3f12de753aa459e940b50fe7ca5aa25149bc94cb37b"]
pytz = ["32b0891edff07e28efe91284ed9c31e123d84bea3fd98e1f72be2508f43ef8d9", "d5f05e487007e29e03409f9398d074e158d920d36eb82eaf66fb1136b0c5374c"]
pywin32 = ["22e218832a54ed206452c8f3ca9eff07ef327f8e597569a4c2828be5eaa09a77", "32b37abafbfeddb0fe718008d6aada5a71efa2874f068bee1f9e703983dcc49a", "35451edb44162d2f603b5b18bd427bc88fcbc74849eaa7a7e7cfe0f507e5c0c8", "4eda2e1e50faa706ff8226195b84fbcbd542b08c842a9b15e303589f85bfb41c", "5f265d72588806e134c8e1ede8561739071626ea4cc25c12d526aa7b82416ae5", "6852ceac5fdd7a146b570655c37d9eacd520ed1eaeec051ff41c6fc94243d8bf", "6dbc4219fe45ece6a0cc6baafe0105604fdee551b5e876dc475d3955b77190ec", "9bd07746ce7f2198021a9fa187fa80df7b221ec5e4c234ab6f00ea355a3baf99"]
pyyaml = ["3d7da3009c0f3e783b2c873687652d83b1bbfd5c88e9813fb7e5b03c0dd3108b", "3ef3092145e9b70e3ddd2c7ad59bdd0252a94dfe3949721633e41344de00a6bf", "40c71b8e076d0550b2e6380bada1f1cd1017b882f7e16f09a65be98e017f211a", "558dd60b890ba8fd982e05941927a3911dc409a63dcb8b634feaa0cda69330d3", "a7c28b45d9f99102fa092bb213aa12e0aaf9a6a1f5e395d36166639c1f96c3a1", "aa7dd4a6a427aed7df6fb7f08a580d68d9b118d90310374716ae90b710280af1", "bc558586e6045763782014934bfaf39d48b8ae85a2713117d16c39864085c613", "d46d7982b62e0729ad0175a9bc7e10a566fc07b224d2c79fafb5e032727eaa04", "d5eef459e30b09f5a098b9cea68bebfeb268697f78d647bd255a085371ac7f3f", "e01d3203230e1786cd91ccfdc8f8454c8069c91bee3962ad93b87a4b2860f537", "e170a9e6fcfd19021dd29845af83bb79236068bf5fd4df3327c1be18182b2531"]
requests = ["502a824f31acdacb3a35b6690b5fbf0bc41d63a24a45c4004352b0242707598e", "7bf2a778576d825600030a110f3c0e3e8edc51dfaafe1c146e39a2027784957b"]
responses = ["c85882d2dc608ce6b5713a4e1534120f4a0dc6ec79d1366570d2b0c909a50c87", "ea5a14f9aea173e3b786ff04cf03133c2dabd4103dbaef1028742fd71a6c2ad3"]
s3transfer = ["90dc18e028989c609146e241ea153250be451e05ecc0c2832565231dacdf59c1", "c7a9ec356982d5e9ab2d4b46391a7d6a950e2b04c472419f5fdec70cc0ada72f"]
six = ["3350809f0555b11f552448330d0b52d5f24c91a322ea4a15ef22629740f3761c", "d16a0141ec1a18405cd4ce8b4613101da75da0e9a7aec5bdd4fa804d0e0eba73"]
urllib3 = ["61bf29cada3fc2fbefad4fdf059ea4bd1b4a86d2b6d15e1c7c0b582b9752fe39", "de9529817c93f27c8ccbfead6985011db27bd0ddfcdb2d86f3f663385c6a9c22"]
websocket-client = ["8c8bf2d4f800c3ed952df206b18c28f7070d9e3dcbd6ca6291127574f57ee786", "e51562c91ddb8148e791f0155fdb01325d99bb52c4cdbb291aee7a3563fd0849"]
werkzeug = ["c3fd7a7d41976d9f44db327260e263132466836cef6f91512889ed60ad26557c", "d5da73735293558eb1651ee2fddc4d0dedcfa06538b8813a2e20011583c9e49b"]
wrapt = ["4aea003270831cceb8a90ff27c4031da6ead7ec1886023b80ce0dfe0adf61533"]
xmltodict = ["8f8d7d40aa28d83f4109a7e8aa86e67a4df202d9538be40c0cb1d70da527b0df", "add07d92089ff611badec526912747cf87afd4f9447af6661aca074eeaf32615"]
